
Microsoft Visual Studio Solution File, Format Version 12.00
# Visual Studio Version 16
VisualStudioVersion = 16.0.31729.503
MinimumVisualStudioVersion = 10.0.40219.1
Project("{9A19103F-16F7-4668-BE54-9A1E7A4F7556}") = "testapp", "testapp\testapp.csproj", "{B43C0737-E985-4261-A654-0DA628386800}"
EndProject
Project("{9A19103F-16F7-4668-BE54-9A1E7A4F7556}") = "ajoneuvot", "ajoneuvot\ajoneuvot.csproj", "{23BCBB87-5726-4341-835F-482FADD9B401}"
EndProject
Project("{9A19103F-16F7-4668-BE54-9A1E7A4F7556}") = "opiskelija", "opiskelija\opiskelija.csproj", "{97DFAFE7-B6A9-4552-A09C-71651A388840}"
EndProject
Project("{9A19103F-16F7-4668-BE54-9A1E7A4F7556}") = "kiuastehtävä", "kiuastehtävä\kiuastehtävä.csproj", "{4676FCF8-8971-464C-9896-745C614EB828}"
EndProject
Project("{9A19103F-16F7-4668-BE54-9A1E7A4F7556}") = "Albumitehtävä", "Albumitehtävä\Albumitehtävä.csproj", "{9FBD0F4A-D337-4079-8782-7E46D23A0A07}"
EndProject
Project("{9A19103F-16F7-4668-BE54-9A1E7A4F7556}") = "Static esimerkki", "Static esimerkki\Static esimerkki.csproj", "{37CBE483-95B3-4E88-8EDC-4655F3625013}"
EndProject
Project("{9A19103F-16F7-4668-BE54-9A1E7A4F7556}") = "Laskin", "Laskin\Laskin.csproj", "{11550A32-252A-43FE-BC65-99A0CDE763CF}"
EndProject
Project("{9A19103F-16F7-4668-BE54-9A1E7A4F7556}") = "Perintä", "Perintä\Perintä.csproj", "{FC86DF32-C007-4553-A90B-A65F6F627A12}"
EndProject
Project("{9A19103F-16F7-4668-BE54-9A1E7A4F7556}") = "Abstraktisuus", "Abstraktisuus\Abstraktisuus.csproj", "{9BE679F4-EB45-4489-A6DB-D61DF6E60561}"
EndProject
Project("{9A19103F-16F7-4668-BE54-9A1E7A4F7556}") = "Harjoitus6", "Harjoitus6\Harjoitus6.csproj", "{59C7B366-BDC9-467E-A361-F59C56304AE9}"
EndProject
Project("{9A19103F-16F7-4668-BE54-9A1E7A4F7556}") = "Tehtävä7", "Tehtävä7\Tehtävä7.csproj", "{159C1B16-0A61-4CB9-BD3A-039A738E11B4}"
EndProject
Project("{9A19103F-16F7-4668-BE54-9A1E7A4F7556}") = "Kotitehtävä1", "Kotitehtävä1\Kotitehtävä1.csproj", "{1441A8B2-8DD9-46C5-A59C-DCDC27FDBCD9}"
EndProject
Project("{9A19103F-16F7-4668-BE54-9A1E7A4F7556}") = "Kotitehtävä2", "Kotitehtävä2\Kotitehtävä2.csproj", "{29C5BB69-5F78-410B-A87B-FE1FE8235E81}"
EndProject
Project("{9A19103F-16F7-4668-BE54-9A1E7A4F7556}") = "Harjoitus 10", "Harjoitus 10\Harjoitus 10.csproj", "{91D21EDD-9238-4686-801D-992380AF651F}"
EndProject
Project("{9A19103F-16F7-4668-BE54-9A1E7A4F7556}") = "Casting", "Casting\Casting.csproj", "{EAE931BF-0A54-4DED-82F4-7A5A1D4ABF7E}"
EndProject
Project("{9A19103F-16F7-4668-BE54-9A1E7A4F7556}") = "Kokoelmat", "Kokoelmat\Kokoelmat.csproj", "{7A7DCA1E-07AF-4B6A-B388-902B54EB3A49}"
EndProject
Project("{9A19103F-16F7-4668-BE54-9A1E7A4F7556}") = "Harjoitus 11", "Harjoitus 11\Harjoitus 11.csproj", "{BA26B53D-6503-4ADE-B092-7B12015F9E08}"
EndProject
Project("{9A19103F-16F7-4668-BE54-9A1E7A4F7556}") = "SM-Liiga", "SM-Liiga\SM-Liiga.csproj", "{9DFD6A9E-FD92-4514-8421-B994AE700475}"
EndProject
Project("{9A19103F-16F7-4668-BE54-9A1E7A4F7556}") = "Korttipakka", "Korttipakka\Korttipakka.csproj", "{4B5F3B76-799E-4947-AFD4-4C7B6706A5DF}"
EndProject
Project("{FAE04EC0-301F-11D3-BF4B-00C04F79EFBC}") = "Harjoitus 15", "Harjoitus 15\Harjoitus 15.csproj", "{EE41EFF4-4B01-40BD-926F-D22345FBB381}"
EndProject
Project("{FAE04EC0-301F-11D3-BF4B-00C04F79EFBC}") = "Harjoitus 16", "Harjoitus 16\Harjoitus 16.csproj", "{FD7DB42E-491C-4825-A6DE-505F572B8595}"
EndProject
Project("{FAE04EC0-301F-11D3-BF4B-00C04F79EFBC}") = "Harjoitus 17", "Harjoitus 17\Harjoitus 17.csproj", "{B86C2D74-B151-4317-9829-64C2C685BEBE}"
EndProject
Project("{FAE04EC0-301F-11D3-BF4B-00C04F79EFBC}") = "Harjoitus 18", "Harjoitus 18\Harjoitus 18.csproj", "{3B34F095-B0C8-4358-8668-469D3D8E2FD1}"
EndProject
Project("{FAE04EC0-301F-11D3-BF4B-00C04F79EFBC}") = "SivujenVaihto", "SivujenVaihto\SivujenVaihto.csproj", "{4AEE187B-316F-4287-8942-0FAA8A96BB2D}"
EndProject
Project("{FAE04EC0-301F-11D3-BF4B-00C04F79EFBC}") = "Harjoitus 19", "Harjoitus 19\Harjoitus 19.csproj", "{C92FDF61-35D3-4CF2-AA4F-F8944F991FA4}"
EndProject
Project("{FAE04EC0-301F-11D3-BF4B-00C04F79EFBC}") = "Harjoitus 20", "Harjoitus 20\Harjoitus 20.csproj", "{85444993-3E12-4A6F-B509-5DC193EFBE67}"
EndProject
Project("{FAE04EC0-301F-11D3-BF4B-00C04F79EFBC}") = "Harjoitus 21", "Harjoitus 21\Harjoitus 21.csproj", "{E0DF932A-7AAB-405E-AFC8-E5B866F51242}"
EndProject
Project("{FAE04EC0-301F-11D3-BF4B-00C04F79EFBC}") = "Harjoitus 26", "Harjoitus 26\Harjoitus 26.csproj", "{A2461580-B88B-47F2-A110-145E2E7C0057}"
EndProject
Global
	GlobalSection(SolutionConfigurationPlatforms) = preSolution
		Debug|Any CPU = Debug|Any CPU
		Release|Any CPU = Release|Any CPU
	EndGlobalSection
	GlobalSection(ProjectConfigurationPlatforms) = postSolution
		{B43C0737-E985-4261-A654-0DA628386800}.Debug|Any CPU.ActiveCfg = Debug|Any CPU
		{B43C0737-E985-4261-A654-0DA628386800}.Debug|Any CPU.Build.0 = Debug|Any CPU
		{B43C0737-E985-4261-A654-0DA628386800}.Release|Any CPU.ActiveCfg = Release|Any CPU
		{B43C0737-E985-4261-A654-0DA628386800}.Release|Any CPU.Build.0 = Release|Any CPU
		{23BCBB87-5726-4341-835F-482FADD9B401}.Debug|Any CPU.ActiveCfg = Debug|Any CPU
		{23BCBB87-5726-4341-835F-482FADD9B401}.Debug|Any CPU.Build.0 = Debug|Any CPU
		{23BCBB87-5726-4341-835F-482FADD9B401}.Release|Any CPU.ActiveCfg = Release|Any CPU
		{23BCBB87-5726-4341-835F-482FADD9B401}.Release|Any CPU.Build.0 = Release|Any CPU
		{97DFAFE7-B6A9-4552-A09C-71651A388840}.Debug|Any CPU.ActiveCfg = Debug|Any CPU
		{97DFAFE7-B6A9-4552-A09C-71651A388840}.Debug|Any CPU.Build.0 = Debug|Any CPU
		{97DFAFE7-B6A9-4552-A09C-71651A388840}.Release|Any CPU.ActiveCfg = Release|Any CPU
		{97DFAFE7-B6A9-4552-A09C-71651A388840}.Release|Any CPU.Build.0 = Release|Any CPU
		{4676FCF8-8971-464C-9896-745C614EB828}.Debug|Any CPU.ActiveCfg = Debug|Any CPU
		{4676FCF8-8971-464C-9896-745C614EB828}.Debug|Any CPU.Build.0 = Debug|Any CPU
		{4676FCF8-8971-464C-9896-745C614EB828}.Release|Any CPU.ActiveCfg = Release|Any CPU
		{4676FCF8-8971-464C-9896-745C614EB828}.Release|Any CPU.Build.0 = Release|Any CPU
		{9FBD0F4A-D337-4079-8782-7E46D23A0A07}.Debug|Any CPU.ActiveCfg = Debug|Any CPU
		{9FBD0F4A-D337-4079-8782-7E46D23A0A07}.Debug|Any CPU.Build.0 = Debug|Any CPU
		{9FBD0F4A-D337-4079-8782-7E46D23A0A07}.Release|Any CPU.ActiveCfg = Release|Any CPU
		{9FBD0F4A-D337-4079-8782-7E46D23A0A07}.Release|Any CPU.Build.0 = Release|Any CPU
		{37CBE483-95B3-4E88-8EDC-4655F3625013}.Debug|Any CPU.ActiveCfg = Debug|Any CPU
		{37CBE483-95B3-4E88-8EDC-4655F3625013}.Debug|Any CPU.Build.0 = Debug|Any CPU
		{37CBE483-95B3-4E88-8EDC-4655F3625013}.Release|Any CPU.ActiveCfg = Release|Any CPU
		{37CBE483-95B3-4E88-8EDC-4655F3625013}.Release|Any CPU.Build.0 = Release|Any CPU
		{11550A32-252A-43FE-BC65-99A0CDE763CF}.Debug|Any CPU.ActiveCfg = Debug|Any CPU
		{11550A32-252A-43FE-BC65-99A0CDE763CF}.Debug|Any CPU.Build.0 = Debug|Any CPU
		{11550A32-252A-43FE-BC65-99A0CDE763CF}.Release|Any CPU.ActiveCfg = Release|Any CPU
		{11550A32-252A-43FE-BC65-99A0CDE763CF}.Release|Any CPU.Build.0 = Release|Any CPU
		{FC86DF32-C007-4553-A90B-A65F6F627A12}.Debug|Any CPU.ActiveCfg = Debug|Any CPU
		{FC86DF32-C007-4553-A90B-A65F6F627A12}.Debug|Any CPU.Build.0 = Debug|Any CPU
		{FC86DF32-C007-4553-A90B-A65F6F627A12}.Release|Any CPU.ActiveCfg = Release|Any CPU
		{FC86DF32-C007-4553-A90B-A65F6F627A12}.Release|Any CPU.Build.0 = Release|Any CPU
		{9BE679F4-EB45-4489-A6DB-D61DF6E60561}.Debug|Any CPU.ActiveCfg = Debug|Any CPU
		{9BE679F4-EB45-4489-A6DB-D61DF6E60561}.Debug|Any CPU.Build.0 = Debug|Any CPU
		{9BE679F4-EB45-4489-A6DB-D61DF6E60561}.Release|Any CPU.ActiveCfg = Release|Any CPU
		{9BE679F4-EB45-4489-A6DB-D61DF6E60561}.Release|Any CPU.Build.0 = Release|Any CPU
		{59C7B366-BDC9-467E-A361-F59C56304AE9}.Debug|Any CPU.ActiveCfg = Debug|Any CPU
		{59C7B366-BDC9-467E-A361-F59C56304AE9}.Debug|Any CPU.Build.0 = Debug|Any CPU
		{59C7B366-BDC9-467E-A361-F59C56304AE9}.Release|Any CPU.ActiveCfg = Release|Any CPU
		{59C7B366-BDC9-467E-A361-F59C56304AE9}.Release|Any CPU.Build.0 = Release|Any CPU
		{159C1B16-0A61-4CB9-BD3A-039A738E11B4}.Debug|Any CPU.ActiveCfg = Debug|Any CPU
		{159C1B16-0A61-4CB9-BD3A-039A738E11B4}.Debug|Any CPU.Build.0 = Debug|Any CPU
		{159C1B16-0A61-4CB9-BD3A-039A738E11B4}.Release|Any CPU.ActiveCfg = Release|Any CPU
		{159C1B16-0A61-4CB9-BD3A-039A738E11B4}.Release|Any CPU.Build.0 = Release|Any CPU
		{1441A8B2-8DD9-46C5-A59C-DCDC27FDBCD9}.Debug|Any CPU.ActiveCfg = Debug|Any CPU
		{1441A8B2-8DD9-46C5-A59C-DCDC27FDBCD9}.Debug|Any CPU.Build.0 = Debug|Any CPU
		{1441A8B2-8DD9-46C5-A59C-DCDC27FDBCD9}.Release|Any CPU.ActiveCfg = Release|Any CPU
		{1441A8B2-8DD9-46C5-A59C-DCDC27FDBCD9}.Release|Any CPU.Build.0 = Release|Any CPU
		{29C5BB69-5F78-410B-A87B-FE1FE8235E81}.Debug|Any CPU.ActiveCfg = Debug|Any CPU
		{29C5BB69-5F78-410B-A87B-FE1FE8235E81}.Debug|Any CPU.Build.0 = Debug|Any CPU
		{29C5BB69-5F78-410B-A87B-FE1FE8235E81}.Release|Any CPU.ActiveCfg = Release|Any CPU
		{29C5BB69-5F78-410B-A87B-FE1FE8235E81}.Release|Any CPU.Build.0 = Release|Any CPU
		{91D21EDD-9238-4686-801D-992380AF651F}.Debug|Any CPU.ActiveCfg = Debug|Any CPU
		{91D21EDD-9238-4686-801D-992380AF651F}.Debug|Any CPU.Build.0 = Debug|Any CPU
		{91D21EDD-9238-4686-801D-992380AF651F}.Release|Any CPU.ActiveCfg = Release|Any CPU
		{91D21EDD-9238-4686-801D-992380AF651F}.Release|Any CPU.Build.0 = Release|Any CPU
		{EAE931BF-0A54-4DED-82F4-7A5A1D4ABF7E}.Debug|Any CPU.ActiveCfg = Debug|Any CPU
		{EAE931BF-0A54-4DED-82F4-7A5A1D4ABF7E}.Debug|Any CPU.Build.0 = Debug|Any CPU
		{EAE931BF-0A54-4DED-82F4-7A5A1D4ABF7E}.Release|Any CPU.ActiveCfg = Release|Any CPU
		{EAE931BF-0A54-4DED-82F4-7A5A1D4ABF7E}.Release|Any CPU.Build.0 = Release|Any CPU
		{7A7DCA1E-07AF-4B6A-B388-902B54EB3A49}.Debug|Any CPU.ActiveCfg = Debug|Any CPU
		{7A7DCA1E-07AF-4B6A-B388-902B54EB3A49}.Debug|Any CPU.Build.0 = Debug|Any CPU
		{7A7DCA1E-07AF-4B6A-B388-902B54EB3A49}.Release|Any CPU.ActiveCfg = Release|Any CPU
		{7A7DCA1E-07AF-4B6A-B388-902B54EB3A49}.Release|Any CPU.Build.0 = Release|Any CPU
		{BA26B53D-6503-4ADE-B092-7B12015F9E08}.Debug|Any CPU.ActiveCfg = Debug|Any CPU
		{BA26B53D-6503-4ADE-B092-7B12015F9E08}.Debug|Any CPU.Build.0 = Debug|Any CPU
		{BA26B53D-6503-4ADE-B092-7B12015F9E08}.Release|Any CPU.ActiveCfg = Release|Any CPU
		{BA26B53D-6503-4ADE-B092-7B12015F9E08}.Release|Any CPU.Build.0 = Release|Any CPU
		{9DFD6A9E-FD92-4514-8421-B994AE700475}.Debug|Any CPU.ActiveCfg = Debug|Any CPU
		{9DFD6A9E-FD92-4514-8421-B994AE700475}.Debug|Any CPU.Build.0 = Debug|Any CPU
		{9DFD6A9E-FD92-4514-8421-B994AE700475}.Release|Any CPU.ActiveCfg = Release|Any CPU
		{9DFD6A9E-FD92-4514-8421-B994AE700475}.Release|Any CPU.Build.0 = Release|Any CPU
		{4B5F3B76-799E-4947-AFD4-4C7B6706A5DF}.Debug|Any CPU.ActiveCfg = Debug|Any CPU
		{4B5F3B76-799E-4947-AFD4-4C7B6706A5DF}.Debug|Any CPU.Build.0 = Debug|Any CPU
		{4B5F3B76-799E-4947-AFD4-4C7B6706A5DF}.Release|Any CPU.ActiveCfg = Release|Any CPU
		{4B5F3B76-799E-4947-AFD4-4C7B6706A5DF}.Release|Any CPU.Build.0 = Release|Any CPU
		{EE41EFF4-4B01-40BD-926F-D22345FBB381}.Debug|Any CPU.ActiveCfg = Debug|Any CPU
		{EE41EFF4-4B01-40BD-926F-D22345FBB381}.Debug|Any CPU.Build.0 = Debug|Any CPU
		{EE41EFF4-4B01-40BD-926F-D22345FBB381}.Release|Any CPU.ActiveCfg = Release|Any CPU
		{EE41EFF4-4B01-40BD-926F-D22345FBB381}.Release|Any CPU.Build.0 = Release|Any CPU
		{FD7DB42E-491C-4825-A6DE-505F572B8595}.Debug|Any CPU.ActiveCfg = Debug|Any CPU
		{FD7DB42E-491C-4825-A6DE-505F572B8595}.Debug|Any CPU.Build.0 = Debug|Any CPU
		{FD7DB42E-491C-4825-A6DE-505F572B8595}.Release|Any CPU.ActiveCfg = Release|Any CPU
		{FD7DB42E-491C-4825-A6DE-505F572B8595}.Release|Any CPU.Build.0 = Release|Any CPU
		{B86C2D74-B151-4317-9829-64C2C685BEBE}.Debug|Any CPU.ActiveCfg = Debug|Any CPU
		{B86C2D74-B151-4317-9829-64C2C685BEBE}.Debug|Any CPU.Build.0 = Debug|Any CPU
		{B86C2D74-B151-4317-9829-64C2C685BEBE}.Release|Any CPU.ActiveCfg = Release|Any CPU
		{B86C2D74-B151-4317-9829-64C2C685BEBE}.Release|Any CPU.Build.0 = Release|Any CPU
		{3B34F095-B0C8-4358-8668-469D3D8E2FD1}.Debug|Any CPU.ActiveCfg = Debug|Any CPU
		{3B34F095-B0C8-4358-8668-469D3D8E2FD1}.Debug|Any CPU.Build.0 = Debug|Any CPU
		{3B34F095-B0C8-4358-8668-469D3D8E2FD1}.Release|Any CPU.ActiveCfg = Release|Any CPU
		{3B34F095-B0C8-4358-8668-469D3D8E2FD1}.Release|Any CPU.Build.0 = Release|Any CPU
		{4AEE187B-316F-4287-8942-0FAA8A96BB2D}.Debug|Any CPU.ActiveCfg = Debug|Any CPU
		{4AEE187B-316F-4287-8942-0FAA8A96BB2D}.Debug|Any CPU.Build.0 = Debug|Any CPU
		{4AEE187B-316F-4287-8942-0FAA8A96BB2D}.Release|Any CPU.ActiveCfg = Release|Any CPU
		{4AEE187B-316F-4287-8942-0FAA8A96BB2D}.Release|Any CPU.Build.0 = Release|Any CPU
		{C92FDF61-35D3-4CF2-AA4F-F8944F991FA4}.Debug|Any CPU.ActiveCfg = Debug|Any CPU
		{C92FDF61-35D3-4CF2-AA4F-F8944F991FA4}.Debug|Any CPU.Build.0 = Debug|Any CPU
		{C92FDF61-35D3-4CF2-AA4F-F8944F991FA4}.Release|Any CPU.ActiveCfg = Release|Any CPU
		{C92FDF61-35D3-4CF2-AA4F-F8944F991FA4}.Release|Any CPU.Build.0 = Release|Any CPU
		{85444993-3E12-4A6F-B509-5DC193EFBE67}.Debug|Any CPU.ActiveCfg = Debug|Any CPU
		{85444993-3E12-4A6F-B509-5DC193EFBE67}.Debug|Any CPU.Build.0 = Debug|Any CPU
		{85444993-3E12-4A6F-B509-5DC193EFBE67}.Release|Any CPU.ActiveCfg = Release|Any CPU
		{85444993-3E12-4A6F-B509-5DC193EFBE67}.Release|Any CPU.Build.0 = Release|Any CPU
		{E0DF932A-7AAB-405E-AFC8-E5B866F51242}.Debug|Any CPU.ActiveCfg = Debug|Any CPU
		{E0DF932A-7AAB-405E-AFC8-E5B866F51242}.Debug|Any CPU.Build.0 = Debug|Any CPU
		{E0DF932A-7AAB-405E-AFC8-E5B866F51242}.Release|Any CPU.ActiveCfg = Release|Any CPU
		{E0DF932A-7AAB-405E-AFC8-E5B866F51242}.Release|Any CPU.Build.0 = Release|Any CPU
		{A2461580-B88B-47F2-A110-145E2E7C0057}.Debug|Any CPU.ActiveCfg = Debug|Any CPU
		{A2461580-B88B-47F2-A110-145E2E7C0057}.Debug|Any CPU.Build.0 = Debug|Any CPU
		{A2461580-B88B-47F2-A110-145E2E7C0057}.Release|Any CPU.ActiveCfg = Release|Any CPU
		{A2461580-B88B-47F2-A110-145E2E7C0057}.Release|Any CPU.Build.0 = Release|Any CPU
	EndGlobalSection
	GlobalSection(SolutionProperties) = preSolution
		HideSolutionNode = FALSE
	EndGlobalSection
	GlobalSection(ExtensibilityGlobals) = postSolution
		SolutionGuid = {F6E513C0-D081-4530-B9B1-A06820A946F8}
	EndGlobalSection
EndGlobal
